// !$*UTF8*$!
{
	archiveVersion = 1;
	classes = {
	};
	objectVersion = 46;
	objects = {

/* Begin PBXBuildFile section */
		960232571EF9A9C00097BD98 /* AppDelegate.swift in Sources */ = {isa = PBXBuildFile; fileRef = 960232561EF9A9C00097BD98 /* AppDelegate.swift */; };
		960232591EF9A9C00097BD98 /* ViewController.swift in Sources */ = {isa = PBXBuildFile; fileRef = 960232581EF9A9C00097BD98 /* ViewController.swift */; };
		9602325C1EF9A9C00097BD98 /* Main.storyboard in Resources */ = {isa = PBXBuildFile; fileRef = 9602325A1EF9A9C00097BD98 /* Main.storyboard */; };
		9602325F1EF9A9C00097BD98 /* Club_Chat.xcdatamodeld in Sources */ = {isa = PBXBuildFile; fileRef = 9602325D1EF9A9C00097BD98 /* Club_Chat.xcdatamodeld */; };
		960232611EF9A9C00097BD98 /* Assets.xcassets in Resources */ = {isa = PBXBuildFile; fileRef = 960232601EF9A9C00097BD98 /* Assets.xcassets */; };
		960232641EF9A9C00097BD98 /* LaunchScreen.storyboard in Resources */ = {isa = PBXBuildFile; fileRef = 960232621EF9A9C00097BD98 /* LaunchScreen.storyboard */; };
/* End PBXBuildFile section */

/* Begin PBXFileReference section */
		960232531EF9A9C00097BD98 /* Club Chat.app */ = {isa = PBXFileReference; explicitFileType = wrapper.application; includeInIndex = 0; path = "Club Chat.app"; sourceTree = BUILT_PRODUCTS_DIR; };
		960232561EF9A9C00097BD98 /* AppDelegate.swift */ = {isa = PBXFileReference; lastKnownFileType = sourcecode.swift; path = AppDelegate.swift; sourceTree = "<group>"; };
		960232581EF9A9C00097BD98 /* ViewController.swift */ = {isa = PBXFileReference; lastKnownFileType = sourcecode.swift; path = ViewController.swift; sourceTree = "<group>"; };
		9602325B1EF9A9C00097BD98 /* Base */ = {isa = PBXFileReference; lastKnownFileType = file.storyboard; name = Base; path = Base.lproj/Main.storyboard; sourceTree = "<group>"; };
		9602325E1EF9A9C00097BD98 /* Club_Chat.xcdatamodel */ = {isa = PBXFileReference; lastKnownFileType = wrapper.xcdatamodel; path = Club_Chat.xcdatamodel; sourceTree = "<group>"; };
		960232601EF9A9C00097BD98 /* Assets.xcassets */ = {isa = PBXFileReference; lastKnownFileType = folder.assetcatalog; path = Assets.xcassets; sourceTree = "<group>"; };
		960232631EF9A9C00097BD98 /* Base */ = {isa = PBXFileReference; lastKnownFileType = file.storyboard; name = Base; path = Base.lproj/LaunchScreen.storyboard; sourceTree = "<group>"; };
		960232651EF9A9C00097BD98 /* Info.plist */ = {isa = PBXFileReference; lastKnownFileType = text.plist.xml; path = Info.plist; sourceTree = "<group>"; };
/* End PBXFileReference section */

/* Begin PBXFrameworksBuildPhase section */
		960232501EF9A9C00097BD98 /* Frameworks */ = {
			isa = PBXFrameworksBuildPhase;
			buildActionMask = 2147483647;
			files = (
			);
			runOnlyForDeploymentPostprocessing = 0;
		};
/* End PBXFrameworksBuildPhase section */

/* Begin PBXGroup section */
		9602324A1EF9A9C00097BD98 = {
			isa = PBXGroup;
			children = (
				960232551EF9A9C00097BD98 /* Club Chat */,
				960232541EF9A9C00097BD98 /* Products */,
			);
			sourceTree = "<group>";
		};
		960232541EF9A9C00097BD98 /* Products */ = {
			isa = PBXGroup;
			children = (
				960232531EF9A9C00097BD98 /* Club Chat.app */,
			);
			name = Products;
			sourceTree = "<group>";
		};
		960232551EF9A9C00097BD98 /* Club Chat */ = {
			isa = PBXGroup;
			children = (
				960232561EF9A9C00097BD98 /* AppDelegate.swift */,
				960232581EF9A9C00097BD98 /* ViewController.swift */,
				9602325A1EF9A9C00097BD98 /* Main.storyboard */,
				960232601EF9A9C00097BD98 /* Assets.xcassets */,
				960232621EF9A9C00097BD98 /* LaunchScreen.storyboard */,
				960232651EF9A9C00097BD98 /* Info.plist */,
				9602325D1EF9A9C00097BD98 /* Club_Chat.xcdatamodeld */,
			);
			path = "Club Chat";
			sourceTree = "<group>";
		};
/* End PBXGroup section */

/* Begin PBXNativeTarget section */
		960232521EF9A9C00097BD98 /* Club Chat */ = {
			isa = PBXNativeTarget;
			buildConfigurationList = 960232681EF9A9C00097BD98 /* Build configuration list for PBXNativeTarget "Club Chat" */;
			buildPhases = (
				9602324F1EF9A9C00097BD98 /* Sources */,
				960232501EF9A9C00097BD98 /* Frameworks */,
				960232511EF9A9C00097BD98 /* Resources */,
			);
			buildRules = (
			);
			dependencies = (
			);
			name = "Club Chat";
			productName = "Club Chat";
			productReference = 960232531EF9A9C00097BD98 /* Club Chat.app */;
			productType = "com.apple.product-type.application";
		};
/* End PBXNativeTarget section */

/* Begin PBXProject section */
		9602324B1EF9A9C00097BD98 /* Project object */ = {
			isa = PBXProject;
			attributes = {
				LastSwiftUpdateCheck = 0830;
				LastUpgradeCheck = 0830;
				ORGANIZATIONNAME = "Will Laco";
				TargetAttributes = {
					960232521EF9A9C00097BD98 = {
						CreatedOnToolsVersion = 8.3.2;
						DevelopmentTeam = 78U48K8L63;
						ProvisioningStyle = Automatic;
					};
				};
			};
			buildConfigurationList = 9602324E1EF9A9C00097BD98 /* Build configuration list for PBXProject "Club Chat" */;
			compatibilityVersion = "Xcode 3.2";
			developmentRegion = English;
			hasScannedForEncodings = 0;
			knownRegions = (
				en,
				Base,
			);
			mainGroup = 9602324A1EF9A9C00097BD98;
			productRefGroup = 960232541EF9A9C00097BD98 /* Products */;
			projectDirPath = "";
			projectRoot = "";
			targets = (
				960232521EF9A9C00097BD98 /* Club Chat */,
			);
		};
/* End PBXProject section */

/* Begin PBXResourcesBuildPhase section */
		960232511EF9A9C00097BD98 /* Resources */ = {
			isa = PBXResourcesBuildPhase;
			buildActionMask = 2147483647;
			files = (
				960232641EF9A9C00097BD98 /* LaunchScreen.storyboard in Resources */,
				960232611EF9A9C00097BD98 /* Assets.xcassets in Resources */,
				9602325C1EF9A9C00097BD98 /* Main.storyboard in Resources */,
			);
			runOnlyForDeploymentPostprocessing = 0;
		};
/* End PBXResourcesBuildPhase section */

/* Begin PBXSourcesBuildPhase section */
		9602324F1EF9A9C00097BD98 /* Sources */ = {
			isa = PBXSourcesBuildPhase;
			buildActionMask = 2147483647;
			files = (
				9602325F1EF9A9C00097BD98 /* Club_Chat.xcdatamodeld in Sources */,
				960232591EF9A9C00097BD98 /* ViewController.swift in Sources */,
				960232571EF9A9C00097BD98 /* AppDelegate.swift in Sources */,
			);
			runOnlyForDeploymentPostprocessing = 0;
		};
/* End PBXSourcesBuildPhase section */

/* Begin PBXVariantGroup section */
		9602325A1EF9A9C00097BD98 /* Main.storyboard */ = {
			isa = PBXVariantGroup;
			children = (
				9602325B1EF9A9C00097BD98 /* Base */,
			);
			name = Main.storyboard;
			sourceTree = "<group>";
		};
		960232621EF9A9C00097BD98 /* LaunchScreen.storyboard */ = {
			isa = PBXVariantGroup;
			children = (
				960232631EF9A9C00097BD98 /* Base */,
			);
			name = LaunchScreen.storyboard;
			sourceTree = "<group>";
		};
/* End PBXVariantGroup section */

/* Begin XCBuildConfiguration section */
		960232661EF9A9C00097BD98 /* Debug */ = {
			isa = XCBuildConfiguration;
			buildSettings = {
				ALWAYS_SEARCH_USER_PATHS = NO;
				CLANG_ANALYZER_NONNULL = YES;
				CLANG_ANALYZER_NUMBER_OBJECT_CONVERSION = YES_AGGRESSIVE;
				CLANG_CXX_LANGUAGE_STANDARD = "gnu++0x";
				CLANG_CXX_LIBRARY = "libc++";
				CLANG_ENABLE_MODULES = YES;
				CLANG_ENABLE_OBJC_ARC = YES;
				CLANG_WARN_BOOL_CONVERSION = YES;
				CLANG_WARN_CONSTANT_CONVERSION = YES;
				CLANG_WARN_DIRECT_OBJC_ISA_USAGE = YES_ERROR;
				CLANG_WARN_DOCUMENTATION_COMMENTS = YES;
				CLANG_WARN_EMPTY_BODY = YES;
				CLANG_WARN_ENUM_CONVERSION = YES;
				CLANG_WARN_INFINITE_RECURSION = YES;
				CLANG_WARN_INT_CONVERSION = YES;
				CLANG_WARN_OBJC_ROOT_CLASS = YES_ERROR;
				CLANG_WARN_SUSPICIOUS_MOVE = YES;
				CLANG_WARN_UNREACHABLE_CODE = YES;
				CLANG_WARN__DUPLICATE_METHOD_MATCH = YES;
				"CODE_SIGN_IDENTITY[sdk=iphoneos*]" = "iPhone Developer";
				COPY_PHASE_STRIP = NO;
				DEBUG_INFORMATION_FORMAT = dwarf;
				ENABLE_STRICT_OBJC_MSGSEND = YES;
				ENABLE_TESTABILITY = YES;
				GCC_C_LANGUAGE_STANDARD = gnu99;
				GCC_DYNAMIC_NO_PIC = NO;
				GCC_NO_COMMON_BLOCKS = YES;
				GCC_OPTIMIZATION_LEVEL = 0;
				GCC_PREPROCESSOR_DEFINITIONS = (
					"DEBUG=1",
					"$(inherited)",
				);
				GCC_WARN_64_TO_32_BIT_CONVERSION = YES;
				GCC_WARN_ABOUT_RETURN_TYPE = YES_ERROR;
				GCC_WARN_UNDECLARED_SELECTOR = YES;
				GCC_WARN_UNINITIALIZED_AUTOS = YES_AGGRESSIVE;
				GCC_WARN_UNUSED_FUNCTION = YES;
				GCC_WARN_UNUSED_VARIABLE = YES;
				IPHONEOS_DEPLOYMENT_TARGET = 10.3;
				MTL_ENABLE_DEBUG_INFO = YES;
				ONLY_ACTIVE_ARCH = YES;
				SDKROOT = iphoneos;
				SWIFT_ACTIVE_COMPILATION_CONDITIONS = DEBUG;
				SWIFT_OPTIMIZATION_LEVEL = "-Onone";
				TARGETED_DEVICE_FAMILY = "1,2";
			};
			name = Debug;
		};
		960232671EF9A9C00097BD98 /* Release */ = {
			isa = XCBuildConfiguration;
			buildSettings = {
				ALWAYS_SEARCH_USER_PATHS = NO;
				CLANG_ANALYZER_NONNULL = YES;
				CLANG_ANALYZER_NUMBER_OBJECT_CONVERSION = YES_AGGRESSIVE;
				CLANG_CXX_LANGUAGE_STANDARD = "gnu++0x";
				CLANG_CXX_LIBRARY = "libc++";
				CLANG_ENABLE_MODULES = YES;
				CLANG_ENABLE_OBJC_ARC = YES;
				CLANG_WARN_BOOL_CONVERSION = YES;
				CLANG_WARN_CONSTANT_CONVERSION = YES;
				CLANG_WARN_DIRECT_OBJC_ISA_USAGE = YES_ERROR;
				CLANG_WARN_DOCUMENTATION_COMMENTS = YES;
				CLANG_WARN_EMPTY_BODY = YES;
				CLANG_WARN_ENUM_CONVERSION = YES;
				CLANG_WARN_INFINITE_RECURSION = YES;
				CLANG_WARN_INT_CONVERSION = YES;
				CLANG_WARN_OBJC_ROOT_CLASS = YES_ERROR;
				CLANG_WARN_SUSPICIOUS_MOVE = YES;
				CLANG_WARN_UNREACHABLE_CODE = YES;
				CLANG_WARN__DUPLICATE_METHOD_MATCH = YES;
				"CODE_SIGN_IDENTITY[sdk=iphoneos*]" = "iPhone Developer";
				COPY_PHASE_STRIP = NO;
				DEBUG_INFORMATION_FORMAT = "dwarf-with-dsym";
				ENABLE_NS_ASSERTIONS = NO;
				ENABLE_STRICT_OBJC_MSGSEND = YES;
				GCC_C_LANGUAGE_STANDARD = gnu99;
				GCC_NO_COMMON_BLOCKS = YES;
				GCC_WARN_64_TO_32_BIT_CONVERSION = YES;
				GCC_WARN_ABOUT_RETURN_TYPE = YES_ERROR;
				GCC_WARN_UNDECLARED_SELECTOR = YES;
				GCC_WARN_UNINITIALIZED_AUTOS = YES_AGGRESSIVE;
				GCC_WARN_UNUSED_FUNCTION = YES;
				GCC_WARN_UNUSED_VARIABLE = YES;
				IPHONEOS_DEPLOYMENT_TARGET = 10.3;
				MTL_ENABLE_DEBUG_INFO = NO;
				SDKROOT = iphoneos;
				SWIFT_OPTIMIZATION_LEVEL = "-Owholemodule";
				TARGETED_DEVICE_FAMILY = "1,2";
				VALIDATE_PRODUCT = YES;
			};
			name = Release;
		};
		960232691EF9A9C00097BD98 /* Debug */ = {
			isa = XCBuildConfiguration;
			buildSettings = {
				ASSETCATALOG_COMPILER_APPICON_NAME = AppIcon;
				DEVELOPMENT_TEAM = 78U48K8L63;
				INFOPLIST_FILE = "Club Chat/Info.plist";
				LD_RUNPATH_SEARCH_PATHS = "$(inherited) @executable_path/Frameworks";
				PRODUCT_BUNDLE_IDENTIFIER = "WL.Club-Chat";
				PRODUCT_NAME = "$(TARGET_NAME)";
				SWIFT_VERSION = 3.0;
			};
			name = Debug;
		};
		9602326A1EF9A9C00097BD98 /* Release */ = {
			isa = XCBuildConfiguration;
			buildSettings = {
				ASSETCATALOG_COMPILER_APPICON_NAME = AppIcon;
				DEVELOPMENT_TEAM = 78U48K8L63;
				INFOPLIST_FILE = "Club Chat/Info.plist";
				LD_RUNPATH_SEARCH_PATHS = "$(inherited) @executable_path/Frameworks";
				PRODUCT_BUNDLE_IDENTIFIER = "WL.Club-Chat";
				PRODUCT_NAME = "$(TARGET_NAME)";
				SWIFT_VERSION = 3.0;
			};
			name = Release;
		};
/* End XCBuildConfiguration section */

/* Begin XCConfigurationList section */
		9602324E1EF9A9C00097BD98 /* Build configuration list for PBXProject "Club Chat" */ = {
			isa = XCConfigurationList;
			buildConfigurations = (
				960232661EF9A9C00097BD98 /* Debug */,
				960232671EF9A9C00097BD98 /* Release */,
			);
			defaultConfigurationIsVisible = 0;
			defaultConfigurationName = Release;
		};
		960232681EF9A9C00097BD98 /* Build configuration list for PBXNativeTarget "Club Chat" */ = {
			isa = XCConfigurationList;
			buildConfigurations = (
				960232691EF9A9C00097BD98 /* Debug */,
				9602326A1EF9A9C00097BD98 /* Release */,
			);
			defaultConfigurationIsVisible = 0;
		};
/* End XCConfigurationList section */

/* Begin XCVersionGroup section */
		9602325D1EF9A9C00097BD98 /* Club_Chat.xcdatamodeld */ = {
			isa = XCVersionGroup;
			children = (
				9602325E1EF9A9C00097BD98 /* Club_Chat.xcdatamodel */,
			);
			currentVersion = 9602325E1EF9A9C00097BD98 /* Club_Chat.xcdatamodel */;
			path = Club_Chat.xcdatamodeld;
			sourceTree = "<group>";
			versionGroupType = wrapper.xcdatamodel;
		};
/* End XCVersionGroup section */
	};
	rootObject = 9602324B1EF9A9C00097BD98 /* Project object */;
}
